
Microsoft Visual Studio Solution File, Format Version 12.00
# Visual Studio 2012
Project("{FAE04EC0-301F-11D3-BF4B-00C04F79EFBC}") = "MonoGame.Framework.Windows8", "MonoGame.Framework\MonoGame.Framework.Windows8.csproj", "{0518563C-ACCA-4A14-8C5D-DDBE93E2605F}"
EndProject
Project("{2150E333-8FDC-42A3-9474-1A3956D46DE8}") = ".nuget", ".nuget", "{919AA8EF-D3A3-421D-87BE-918CBF185999}"
	ProjectSection(SolutionItems) = preProject
		.nuget\NuGet.Config = .nuget\NuGet.Config
		.nuget\NuGet.exe = .nuget\NuGet.exe
		.nuget\NuGet.targets = .nuget\NuGet.targets
	EndProjectSection
EndProject
Global
	GlobalSection(SolutionConfigurationPlatforms) = preSolution
		Debug|Any CPU = Debug|Any CPU
		Release|Any CPU = Release|Any CPU
	EndGlobalSection
	GlobalSection(ProjectConfigurationPlatforms) = postSolution
		{0518563C-ACCA-4A14-8C5D-DDBE93E2605F}.Debug|Any CPU.ActiveCfg = Debug|Any CPU
		{0518563C-ACCA-4A14-8C5D-DDBE93E2605F}.Debug|Any CPU.Build.0 = Debug|Any CPU
		{0518563C-ACCA-4A14-8C5D-DDBE93E2605F}.Release|Any CPU.ActiveCfg = Release|Any CPU
		{0518563C-ACCA-4A14-8C5D-DDBE93E2605F}.Release|Any CPU.Build.0 = Release|Any CPU
	EndGlobalSection
	GlobalSection(SolutionProperties) = preSolution
		HideSolutionNode = FALSE
	EndGlobalSection
EndGlobal
